
Microsoft Visual Studio Solution File, Format Version 12.00
# Visual Studio Version 16
VisualStudioVersion = 16.0.29613.14
MinimumVisualStudioVersion = 10.0.40219.1
Project("{FAE04EC0-301F-11D3-BF4B-00C04F79EFBC}") = "Libreria", "Libreria\Libreria.csproj", "{166984EE-76AD-4714-BCD3-6CD06BBC4DBD}"
EndProject
Global
	GlobalSection(SolutionConfigurationPlatforms) = preSolution
		Debug|Any CPU = Debug|Any CPU
		Release|Any CPU = Release|Any CPU
	EndGlobalSection
	GlobalSection(ProjectConfigurationPlatforms) = postSolution
		{166984EE-76AD-4714-BCD3-6CD06BBC4DBD}.Debug|Any CPU.ActiveCfg = Debug|Any CPU
		{166984EE-76AD-4714-BCD3-6CD06BBC4DBD}.Debug|Any CPU.Build.0 = Debug|Any CPU
		{166984EE-76AD-4714-BCD3-6CD06BBC4DBD}.Release|Any CPU.ActiveCfg = Release|Any CPU
		{166984EE-76AD-4714-BCD3-6CD06BBC4DBD}.Release|Any CPU.Build.0 = Release|Any CPU
	EndGlobalSection
	GlobalSection(SolutionProperties) = preSolution
		HideSolutionNode = FALSE
	EndGlobalSection
	GlobalSection(ExtensibilityGlobals) = postSolution
		SolutionGuid = {7D4DC911-5D48-4D7E-9819-E538F84AADEB}
	EndGlobalSection
EndGlobal
